// !$*UTF8*$!
{
	archiveVersion = 1;
	classes = {
	};
	objectVersion = 50;
	objects = {

/* Begin PBXBuildFile section */
		68843499259CB44E00080D14 /* AppDelegate.swift in Sources */ = {isa = PBXBuildFile; fileRef = 68843498259CB44E00080D14 /* AppDelegate.swift */; };
		6884349B259CB44E00080D14 /* SceneDelegate.swift in Sources */ = {isa = PBXBuildFile; fileRef = 6884349A259CB44E00080D14 /* SceneDelegate.swift */; };
		6884349D259CB44E00080D14 /* ViewController.swift in Sources */ = {isa = PBXBuildFile; fileRef = 6884349C259CB44E00080D14 /* ViewController.swift */; };
		688434A0259CB44E00080D14 /* Main.storyboard in Resources */ = {isa = PBXBuildFile; fileRef = 6884349E259CB44E00080D14 /* Main.storyboard */; };
		688434A3259CB44E00080D14 /* _____.xcdatamodeld in Sources */ = {isa = PBXBuildFile; fileRef = 688434A1259CB44E00080D14 /* _____.xcdatamodeld */; };
		688434A5259CB44F00080D14 /* Assets.xcassets in Resources */ = {isa = PBXBuildFile; fileRef = 688434A4259CB44F00080D14 /* Assets.xcassets */; };
		688434A8259CB44F00080D14 /* LaunchScreen.storyboard in Resources */ = {isa = PBXBuildFile; fileRef = 688434A6259CB44F00080D14 /* LaunchScreen.storyboard */; };
/* End PBXBuildFile section */

/* Begin PBXFileReference section */
		68843495259CB44E00080D14 /* удали.app */ = {isa = PBXFileReference; explicitFileType = wrapper.application; includeInIndex = 0; path = "удали.app"; sourceTree = BUILT_PRODUCTS_DIR; };
		68843498259CB44E00080D14 /* AppDelegate.swift */ = {isa = PBXFileReference; lastKnownFileType = sourcecode.swift; path = AppDelegate.swift; sourceTree = "<group>"; };
		6884349A259CB44E00080D14 /* SceneDelegate.swift */ = {isa = PBXFileReference; lastKnownFileType = sourcecode.swift; path = SceneDelegate.swift; sourceTree = "<group>"; };
		6884349C259CB44E00080D14 /* ViewController.swift */ = {isa = PBXFileReference; lastKnownFileType = sourcecode.swift; path = ViewController.swift; sourceTree = "<group>"; };
		6884349F259CB44E00080D14 /* Base */ = {isa = PBXFileReference; lastKnownFileType = file.storyboard; name = Base; path = Base.lproj/Main.storyboard; sourceTree = "<group>"; };
		688434A2259CB44E00080D14 /* _____.xcdatamodel */ = {isa = PBXFileReference; lastKnownFileType = wrapper.xcdatamodel; path = "_____.xcdatamodel"; sourceTree = "<group>"; };
		688434A4259CB44F00080D14 /* Assets.xcassets */ = {isa = PBXFileReference; lastKnownFileType = folder.assetcatalog; path = Assets.xcassets; sourceTree = "<group>"; };
		688434A7259CB44F00080D14 /* Base */ = {isa = PBXFileReference; lastKnownFileType = file.storyboard; name = Base; path = Base.lproj/LaunchScreen.storyboard; sourceTree = "<group>"; };
		688434A9259CB44F00080D14 /* Info.plist */ = {isa = PBXFileReference; lastKnownFileType = text.plist.xml; path = Info.plist; sourceTree = "<group>"; };
/* End PBXFileReference section */

/* Begin PBXFrameworksBuildPhase section */
		68843492259CB44E00080D14 /* Frameworks */ = {
			isa = PBXFrameworksBuildPhase;
			buildActionMask = 2147483647;
			files = (
			);
			runOnlyForDeploymentPostprocessing = 0;
		};
/* End PBXFrameworksBuildPhase section */

/* Begin PBXGroup section */
		6884348C259CB44E00080D14 = {
			isa = PBXGroup;
			children = (
				68843497259CB44E00080D14 /* удали */,
				68843496259CB44E00080D14 /* Products */,
			);
			sourceTree = "<group>";
		};
		68843496259CB44E00080D14 /* Products */ = {
			isa = PBXGroup;
			children = (
				68843495259CB44E00080D14 /* удали.app */,
			);
			name = Products;
			sourceTree = "<group>";
		};
		68843497259CB44E00080D14 /* удали */ = {
			isa = PBXGroup;
			children = (
				68843498259CB44E00080D14 /* AppDelegate.swift */,
				6884349A259CB44E00080D14 /* SceneDelegate.swift */,
				6884349C259CB44E00080D14 /* ViewController.swift */,
				6884349E259CB44E00080D14 /* Main.storyboard */,
				688434A4259CB44F00080D14 /* Assets.xcassets */,
				688434A6259CB44F00080D14 /* LaunchScreen.storyboard */,
				688434A9259CB44F00080D14 /* Info.plist */,
				688434A1259CB44E00080D14 /* _____.xcdatamodeld */,
			);
			path = "удали";
			sourceTree = "<group>";
		};
/* End PBXGroup section */

/* Begin PBXNativeTarget section */
		68843494259CB44E00080D14 /* удали */ = {
			isa = PBXNativeTarget;
			buildConfigurationList = 688434AC259CB44F00080D14 /* Build configuration list for PBXNativeTarget "удали" */;
			buildPhases = (
				68843491259CB44E00080D14 /* Sources */,
				68843492259CB44E00080D14 /* Frameworks */,
				68843493259CB44E00080D14 /* Resources */,
			);
			buildRules = (
			);
			dependencies = (
			);
			name = "удали";
			productName = "удали";
			productReference = 68843495259CB44E00080D14 /* удали.app */;
			productType = "com.apple.product-type.application";
		};
/* End PBXNativeTarget section */

/* Begin PBXProject section */
		6884348D259CB44E00080D14 /* Project object */ = {
			isa = PBXProject;
			attributes = {
				LastSwiftUpdateCheck = 1230;
				LastUpgradeCheck = 1230;
				TargetAttributes = {
					68843494259CB44E00080D14 = {
						CreatedOnToolsVersion = 12.3;
					};
				};
			};
			buildConfigurationList = 68843490259CB44E00080D14 /* Build configuration list for PBXProject "удали" */;
			compatibilityVersion = "Xcode 9.3";
			developmentRegion = en;
			hasScannedForEncodings = 0;
			knownRegions = (
				en,
				Base,
			);
			mainGroup = 6884348C259CB44E00080D14;
			productRefGroup = 68843496259CB44E00080D14 /* Products */;
			projectDirPath = "";
			projectRoot = "";
			targets = (
				68843494259CB44E00080D14 /* удали */,
			);
		};
/* End PBXProject section */

/* Begin PBXResourcesBuildPhase section */
		68843493259CB44E00080D14 /* Resources */ = {
			isa = PBXResourcesBuildPhase;
			buildActionMask = 2147483647;
			files = (
				688434A8259CB44F00080D14 /* LaunchScreen.storyboard in Resources */,
				688434A5259CB44F00080D14 /* Assets.xcassets in Resources */,
				688434A0259CB44E00080D14 /* Main.storyboard in Resources */,
			);
			runOnlyForDeploymentPostprocessing = 0;
		};
/* End PBXResourcesBuildPhase section */

/* Begin PBXSourcesBuildPhase section */
		68843491259CB44E00080D14 /* Sources */ = {
			isa = PBXSourcesBuildPhase;
			buildActionMask = 2147483647;
			files = (
				6884349D259CB44E00080D14 /* ViewController.swift in Sources */,
				688434A3259CB44E00080D14 /* _____.xcdatamodeld in Sources */,
				68843499259CB44E00080D14 /* AppDelegate.swift in Sources */,
				6884349B259CB44E00080D14 /* SceneDelegate.swift in Sources */,
			);
			runOnlyForDeploymentPostprocessing = 0;
		};
/* End PBXSourcesBuildPhase section */

/* Begin PBXVariantGroup section */
		6884349E259CB44E00080D14 /* Main.storyboard */ = {
			isa = PBXVariantGroup;
			children = (
				6884349F259CB44E00080D14 /* Base */,
			);
			name = Main.storyboard;
			sourceTree = "<group>";
		};
		688434A6259CB44F00080D14 /* LaunchScreen.storyboard */ = {
			isa = PBXVariantGroup;
			children = (
				688434A7259CB44F00080D14 /* Base */,
			);
			name = LaunchScreen.storyboard;
			sourceTree = "<group>";
		};
/* End PBXVariantGroup section */

/* Begin XCBuildConfiguration section */
		688434AA259CB44F00080D14 /* Debug */ = {
			isa = XCBuildConfiguration;
			buildSettings = {
				ALWAYS_SEARCH_USER_PATHS = NO;
				CLANG_ANALYZER_NONNULL = YES;
				CLANG_ANALYZER_NUMBER_OBJECT_CONVERSION = YES_AGGRESSIVE;
				CLANG_CXX_LANGUAGE_STANDARD = "gnu++14";
				CLANG_CXX_LIBRARY = "libc++";
				CLANG_ENABLE_MODULES = YES;
				CLANG_ENABLE_OBJC_ARC = YES;
				CLANG_ENABLE_OBJC_WEAK = YES;
				CLANG_WARN_BLOCK_CAPTURE_AUTORELEASING = YES;
				CLANG_WARN_BOOL_CONVERSION = YES;
				CLANG_WARN_COMMA = YES;
				CLANG_WARN_CONSTANT_CONVERSION = YES;
				CLANG_WARN_DEPRECATED_OBJC_IMPLEMENTATIONS = YES;
				CLANG_WARN_DIRECT_OBJC_ISA_USAGE = YES_ERROR;
				CLANG_WARN_DOCUMENTATION_COMMENTS = YES;
				CLANG_WARN_EMPTY_BODY = YES;
				CLANG_WARN_ENUM_CONVERSION = YES;
				CLANG_WARN_INFINITE_RECURSION = YES;
				CLANG_WARN_INT_CONVERSION = YES;
				CLANG_WARN_NON_LITERAL_NULL_CONVERSION = YES;
				CLANG_WARN_OBJC_IMPLICIT_RETAIN_SELF = YES;
				CLANG_WARN_OBJC_LITERAL_CONVERSION = YES;
				CLANG_WARN_OBJC_ROOT_CLASS = YES_ERROR;
				CLANG_WARN_QUOTED_INCLUDE_IN_FRAMEWORK_HEADER = YES;
				CLANG_WARN_RANGE_LOOP_ANALYSIS = YES;
				CLANG_WARN_STRICT_PROTOTYPES = YES;
				CLANG_WARN_SUSPICIOUS_MOVE = YES;
				CLANG_WARN_UNGUARDED_AVAILABILITY = YES_AGGRESSIVE;
				CLANG_WARN_UNREACHABLE_CODE = YES;
				CLANG_WARN__DUPLICATE_METHOD_MATCH = YES;
				COPY_PHASE_STRIP = NO;
				DEBUG_INFORMATION_FORMAT = dwarf;
				ENABLE_STRICT_OBJC_MSGSEND = YES;
				ENABLE_TESTABILITY = YES;
				GCC_C_LANGUAGE_STANDARD = gnu11;
				GCC_DYNAMIC_NO_PIC = NO;
				GCC_NO_COMMON_BLOCKS = YES;
				GCC_OPTIMIZATION_LEVEL = 0;
				GCC_PREPROCESSOR_DEFINITIONS = (
					"DEBUG=1",
					"$(inherited)",
				);
				GCC_WARN_64_TO_32_BIT_CONVERSION = YES;
				GCC_WARN_ABOUT_RETURN_TYPE = YES_ERROR;
				GCC_WARN_UNDECLARED_SELECTOR = YES;
				GCC_WARN_UNINITIALIZED_AUTOS = YES_AGGRESSIVE;
				GCC_WARN_UNUSED_FUNCTION = YES;
				GCC_WARN_UNUSED_VARIABLE = YES;
				IPHONEOS_DEPLOYMENT_TARGET = 14.3;
				MTL_ENABLE_DEBUG_INFO = INCLUDE_SOURCE;
				MTL_FAST_MATH = YES;
				ONLY_ACTIVE_ARCH = YES;
				SDKROOT = iphoneos;
				SWIFT_ACTIVE_COMPILATION_CONDITIONS = DEBUG;
				SWIFT_OPTIMIZATION_LEVEL = "-Onone";
			};
			name = Debug;
		};
		688434AB259CB44F00080D14 /* Release */ = {
			isa = XCBuildConfiguration;
			buildSettings = {
				ALWAYS_SEARCH_USER_PATHS = NO;
				CLANG_ANALYZER_NONNULL = YES;
				CLANG_ANALYZER_NUMBER_OBJECT_CONVERSION = YES_AGGRESSIVE;
				CLANG_CXX_LANGUAGE_STANDARD = "gnu++14";
				CLANG_CXX_LIBRARY = "libc++";
				CLANG_ENABLE_MODULES = YES;
				CLANG_ENABLE_OBJC_ARC = YES;
				CLANG_ENABLE_OBJC_WEAK = YES;
				CLANG_WARN_BLOCK_CAPTURE_AUTORELEASING = YES;
				CLANG_WARN_BOOL_CONVERSION = YES;
				CLANG_WARN_COMMA = YES;
				CLANG_WARN_CONSTANT_CONVERSION = YES;
				CLANG_WARN_DEPRECATED_OBJC_IMPLEMENTATIONS = YES;
				CLANG_WARN_DIRECT_OBJC_ISA_USAGE = YES_ERROR;
				CLANG_WARN_DOCUMENTATION_COMMENTS = YES;
				CLANG_WARN_EMPTY_BODY = YES;
				CLANG_WARN_ENUM_CONVERSION = YES;
				CLANG_WARN_INFINITE_RECURSION = YES;
				CLANG_WARN_INT_CONVERSION = YES;
				CLANG_WARN_NON_LITERAL_NULL_CONVERSION = YES;
				CLANG_WARN_OBJC_IMPLICIT_RETAIN_SELF = YES;
				CLANG_WARN_OBJC_LITERAL_CONVERSION = YES;
				CLANG_WARN_OBJC_ROOT_CLASS = YES_ERROR;
				CLANG_WARN_QUOTED_INCLUDE_IN_FRAMEWORK_HEADER = YES;
				CLANG_WARN_RANGE_LOOP_ANALYSIS = YES;
				CLANG_WARN_STRICT_PROTOTYPES = YES;
				CLANG_WARN_SUSPICIOUS_MOVE = YES;
				CLANG_WARN_UNGUARDED_AVAILABILITY = YES_AGGRESSIVE;
				CLANG_WARN_UNREACHABLE_CODE = YES;
				CLANG_WARN__DUPLICATE_METHOD_MATCH = YES;
				COPY_PHASE_STRIP = NO;
				DEBUG_INFORMATION_FORMAT = "dwarf-with-dsym";
				ENABLE_NS_ASSERTIONS = NO;
				ENABLE_STRICT_OBJC_MSGSEND = YES;
				GCC_C_LANGUAGE_STANDARD = gnu11;
				GCC_NO_COMMON_BLOCKS = YES;
				GCC_WARN_64_TO_32_BIT_CONVERSION = YES;
				GCC_WARN_ABOUT_RETURN_TYPE = YES_ERROR;
				GCC_WARN_UNDECLARED_SELECTOR = YES;
				GCC_WARN_UNINITIALIZED_AUTOS = YES_AGGRESSIVE;
				GCC_WARN_UNUSED_FUNCTION = YES;
				GCC_WARN_UNUSED_VARIABLE = YES;
				IPHONEOS_DEPLOYMENT_TARGET = 14.3;
				MTL_ENABLE_DEBUG_INFO = NO;
				MTL_FAST_MATH = YES;
				SDKROOT = iphoneos;
				SWIFT_COMPILATION_MODE = wholemodule;
				SWIFT_OPTIMIZATION_LEVEL = "-O";
				VALIDATE_PRODUCT = YES;
			};
			name = Release;
		};
		688434AD259CB44F00080D14 /* Debug */ = {
			isa = XCBuildConfiguration;
			buildSettings = {
				ASSETCATALOG_COMPILER_APPICON_NAME = AppIcon;
				ASSETCATALOG_COMPILER_GLOBAL_ACCENT_COLOR_NAME = AccentColor;
				CODE_SIGN_STYLE = Automatic;
				INFOPLIST_FILE = "удали/Info.plist";
				LD_RUNPATH_SEARCH_PATHS = (
					"$(inherited)",
					"@executable_path/Frameworks",
				);
				PRODUCT_BUNDLE_IDENTIFIER = "ru.SwiftBook.-----";
				PRODUCT_NAME = "$(TARGET_NAME)";
				SWIFT_VERSION = 5.0;
				TARGETED_DEVICE_FAMILY = "1,2";
			};
			name = Debug;
		};
		688434AE259CB44F00080D14 /* Release */ = {
			isa = XCBuildConfiguration;
			buildSettings = {
				ASSETCATALOG_COMPILER_APPICON_NAME = AppIcon;
				ASSETCATALOG_COMPILER_GLOBAL_ACCENT_COLOR_NAME = AccentColor;
				CODE_SIGN_STYLE = Automatic;
				INFOPLIST_FILE = "удали/Info.plist";
				LD_RUNPATH_SEARCH_PATHS = (
					"$(inherited)",
					"@executable_path/Frameworks",
				);
				PRODUCT_BUNDLE_IDENTIFIER = "ru.SwiftBook.-----";
				PRODUCT_NAME = "$(TARGET_NAME)";
				SWIFT_VERSION = 5.0;
				TARGETED_DEVICE_FAMILY = "1,2";
			};
			name = Release;
		};
/* End XCBuildConfiguration section */

/* Begin XCConfigurationList section */
		68843490259CB44E00080D14 /* Build configuration list for PBXProject "удали" */ = {
			isa = XCConfigurationList;
			buildConfigurations = (
				688434AA259CB44F00080D14 /* Debug */,
				688434AB259CB44F00080D14 /* Release */,
			);
			defaultConfigurationIsVisible = 0;
			defaultConfigurationName = Release;
		};
		688434AC259CB44F00080D14 /* Build configuration list for PBXNativeTarget "удали" */ = {
			isa = XCConfigurationList;
			buildConfigurations = (
				688434AD259CB44F00080D14 /* Debug */,
				688434AE259CB44F00080D14 /* Release */,
			);
			defaultConfigurationIsVisible = 0;
			defaultConfigurationName = Release;
		};
/* End XCConfigurationList section */

/* Begin XCVersionGroup section */
		688434A1259CB44E00080D14 /* _____.xcdatamodeld */ = {
			isa = XCVersionGroup;
			children = (
				688434A2259CB44E00080D14 /* _____.xcdatamodel */,
			);
			currentVersion = 688434A2259CB44E00080D14 /* _____.xcdatamodel */;
			path = "_____.xcdatamodeld";
			sourceTree = "<group>";
			versionGroupType = wrapper.xcdatamodel;
		};
/* End XCVersionGroup section */
	};
	rootObject = 6884348D259CB44E00080D14 /* Project object */;
}
